// !$*UTF8*$!
{
	archiveVersion = 1;
	classes = {
	};
	objectVersion = 52;
	objects = {

/* Begin PBXBuildFile section */
		343AE8E1252BEFB200E47D82 /* BuildNetflixApp.swift in Sources */ = {isa = PBXBuildFile; fileRef = 343AE8E0252BEFB200E47D82 /* BuildNetflixApp.swift */; };
		343AE8E3252BEFB200E47D82 /* ContentView.swift in Sources */ = {isa = PBXBuildFile; fileRef = 343AE8E2252BEFB200E47D82 /* ContentView.swift */; };
		343AE8E5252BEFB800E47D82 /* Assets.xcassets in Resources */ = {isa = PBXBuildFile; fileRef = 343AE8E4252BEFB800E47D82 /* Assets.xcassets */; };
		343AE8E8252BEFB800E47D82 /* Preview Assets.xcassets in Resources */ = {isa = PBXBuildFile; fileRef = 343AE8E7252BEFB800E47D82 /* Preview Assets.xcassets */; };
		343AE8F1252BF08600E47D82 /* HomeView.swift in Sources */ = {isa = PBXBuildFile; fileRef = 343AE8F0252BF08600E47D82 /* HomeView.swift */; };
		343AE8F5252BF52800E47D82 /* Kingfisher in Frameworks */ = {isa = PBXBuildFile; productRef = 343AE8F4252BF52800E47D82 /* Kingfisher */; };
		343AE8F7252BF52800E47D82 /* KingfisherSwiftUI in Frameworks */ = {isa = PBXBuildFile; productRef = 343AE8F6252BF52800E47D82 /* KingfisherSwiftUI */; };
		34B1BA3D253150140032815B /* MovieDetail.swift in Sources */ = {isa = PBXBuildFile; fileRef = 34B1BA3C253150140032815B /* MovieDetail.swift */; };
		34B1BA49253158610032815B /* Episode.swift in Sources */ = {isa = PBXBuildFile; fileRef = 34B1BA48253158610032815B /* Episode.swift */; };
		34DAEC41252FF6950056A33E /* Movie.swift in Sources */ = {isa = PBXBuildFile; fileRef = 34DAEC40252FF6950056A33E /* Movie.swift */; };
		34DAEC44252FF6EE0056A33E /* StandHomeMovie.swift in Sources */ = {isa = PBXBuildFile; fileRef = 34DAEC43252FF6EE0056A33E /* StandHomeMovie.swift */; };
		34DAEC48252FF72E0056A33E /* GlobalHelpers.swift in Sources */ = {isa = PBXBuildFile; fileRef = 34DAEC47252FF72E0056A33E /* GlobalHelpers.swift */; };
		34DAEC4C252FF9400056A33E /* HomeVM.swift in Sources */ = {isa = PBXBuildFile; fileRef = 34DAEC4B252FF9400056A33E /* HomeVM.swift */; };
		34DAEC51253009DC0056A33E /* TopMoviePreview.swift in Sources */ = {isa = PBXBuildFile; fileRef = 34DAEC50253009DC0056A33E /* TopMoviePreview.swift */; };
		34DAEC55253030D10056A33E /* SmallVerticalButton.swift in Sources */ = {isa = PBXBuildFile; fileRef = 34DAEC54253030D10056A33E /* SmallVerticalButton.swift */; };
		34DAEC59253036C70056A33E /* WhiteButton.swift in Sources */ = {isa = PBXBuildFile; fileRef = 34DAEC58253036C70056A33E /* WhiteButton.swift */; };
/* End PBXBuildFile section */

/* Begin PBXFileReference section */
		343AE8DD252BEFB200E47D82 /* BuildNetflix.app */ = {isa = PBXFileReference; explicitFileType = wrapper.application; includeInIndex = 0; path = BuildNetflix.app; sourceTree = BUILT_PRODUCTS_DIR; };
		343AE8E0252BEFB200E47D82 /* BuildNetflixApp.swift */ = {isa = PBXFileReference; lastKnownFileType = sourcecode.swift; path = BuildNetflixApp.swift; sourceTree = "<group>"; };
		343AE8E2252BEFB200E47D82 /* ContentView.swift */ = {isa = PBXFileReference; lastKnownFileType = sourcecode.swift; path = ContentView.swift; sourceTree = "<group>"; };
		343AE8E4252BEFB800E47D82 /* Assets.xcassets */ = {isa = PBXFileReference; lastKnownFileType = folder.assetcatalog; path = Assets.xcassets; sourceTree = "<group>"; };
		343AE8E7252BEFB800E47D82 /* Preview Assets.xcassets */ = {isa = PBXFileReference; lastKnownFileType = folder.assetcatalog; path = "Preview Assets.xcassets"; sourceTree = "<group>"; };
		343AE8E9252BEFB800E47D82 /* Info.plist */ = {isa = PBXFileReference; lastKnownFileType = text.plist.xml; path = Info.plist; sourceTree = "<group>"; };
		343AE8F0252BF08600E47D82 /* HomeView.swift */ = {isa = PBXFileReference; lastKnownFileType = sourcecode.swift; path = HomeView.swift; sourceTree = "<group>"; };
		34B1BA3C253150140032815B /* MovieDetail.swift */ = {isa = PBXFileReference; lastKnownFileType = sourcecode.swift; path = MovieDetail.swift; sourceTree = "<group>"; };
		34B1BA48253158610032815B /* Episode.swift */ = {isa = PBXFileReference; lastKnownFileType = sourcecode.swift; path = Episode.swift; sourceTree = "<group>"; };
		34DAEC40252FF6950056A33E /* Movie.swift */ = {isa = PBXFileReference; lastKnownFileType = sourcecode.swift; path = Movie.swift; sourceTree = "<group>"; };
		34DAEC43252FF6EE0056A33E /* StandHomeMovie.swift */ = {isa = PBXFileReference; lastKnownFileType = sourcecode.swift; path = StandHomeMovie.swift; sourceTree = "<group>"; };
		34DAEC47252FF72E0056A33E /* GlobalHelpers.swift */ = {isa = PBXFileReference; lastKnownFileType = sourcecode.swift; path = GlobalHelpers.swift; sourceTree = "<group>"; };
		34DAEC4B252FF9400056A33E /* HomeVM.swift */ = {isa = PBXFileReference; lastKnownFileType = sourcecode.swift; path = HomeVM.swift; sourceTree = "<group>"; };
		34DAEC50253009DC0056A33E /* TopMoviePreview.swift */ = {isa = PBXFileReference; lastKnownFileType = sourcecode.swift; path = TopMoviePreview.swift; sourceTree = "<group>"; };
		34DAEC54253030D10056A33E /* SmallVerticalButton.swift */ = {isa = PBXFileReference; lastKnownFileType = sourcecode.swift; path = SmallVerticalButton.swift; sourceTree = "<group>"; };
		34DAEC58253036C70056A33E /* WhiteButton.swift */ = {isa = PBXFileReference; lastKnownFileType = sourcecode.swift; path = WhiteButton.swift; sourceTree = "<group>"; };
/* End PBXFileReference section */

/* Begin PBXFrameworksBuildPhase section */
		343AE8DA252BEFB100E47D82 /* Frameworks */ = {
			isa = PBXFrameworksBuildPhase;
			buildActionMask = 2147483647;
			files = (
				343AE8F7252BF52800E47D82 /* KingfisherSwiftUI in Frameworks */,
				343AE8F5252BF52800E47D82 /* Kingfisher in Frameworks */,
			);
			runOnlyForDeploymentPostprocessing = 0;
		};
/* End PBXFrameworksBuildPhase section */

/* Begin PBXGroup section */
		343AE8D4252BEFB100E47D82 = {
			isa = PBXGroup;
			children = (
				343AE8DF252BEFB200E47D82 /* BuildNetflix */,
				343AE8DE252BEFB200E47D82 /* Products */,
			);
			sourceTree = "<group>";
		};
		343AE8DE252BEFB200E47D82 /* Products */ = {
			isa = PBXGroup;
			children = (
				343AE8DD252BEFB200E47D82 /* BuildNetflix.app */,
			);
			name = Products;
			sourceTree = "<group>";
		};
		343AE8DF252BEFB200E47D82 /* BuildNetflix */ = {
			isa = PBXGroup;
			children = (
				34B1BA45253156840032815B /* HomeViews */,
				343AE8E0252BEFB200E47D82 /* BuildNetflixApp.swift */,
				343AE8E2252BEFB200E47D82 /* ContentView.swift */,
				34B1BA3F253156350032815B /* Model */,
				34B1BA432531566D0032815B /* Helpers */,
				343AE8E4252BEFB800E47D82 /* Assets.xcassets */,
				343AE8E9252BEFB800E47D82 /* Info.plist */,
				343AE8E6252BEFB800E47D82 /* Preview Content */,
				34B1BA412531564E0032815B /* HelperViews */,
				34B1BA3C253150140032815B /* MovieDetail.swift */,
			);
			path = BuildNetflix;
			sourceTree = "<group>";
		};
		343AE8E6252BEFB800E47D82 /* Preview Content */ = {
			isa = PBXGroup;
			children = (
				343AE8E7252BEFB800E47D82 /* Preview Assets.xcassets */,
			);
			path = "Preview Content";
			sourceTree = "<group>";
		};
		34B1BA3F253156350032815B /* Model */ = {
			isa = PBXGroup;
			children = (
				34DAEC40252FF6950056A33E /* Movie.swift */,
				34B1BA48253158610032815B /* Episode.swift */,
			);
			path = Model;
			sourceTree = "<group>";
		};
		34B1BA412531564E0032815B /* HelperViews */ = {
			isa = PBXGroup;
			children = (
				34DAEC43252FF6EE0056A33E /* StandHomeMovie.swift */,
				34DAEC50253009DC0056A33E /* TopMoviePreview.swift */,
				34DAEC54253030D10056A33E /* SmallVerticalButton.swift */,
				34DAEC58253036C70056A33E /* WhiteButton.swift */,
			);
			path = HelperViews;
			sourceTree = "<group>";
		};
		34B1BA432531566D0032815B /* Helpers */ = {
			isa = PBXGroup;
			children = (
				34DAEC47252FF72E0056A33E /* GlobalHelpers.swift */,
			);
			path = Helpers;
			sourceTree = "<group>";
		};
		34B1BA45253156840032815B /* HomeViews */ = {
			isa = PBXGroup;
			children = (
				343AE8F0252BF08600E47D82 /* HomeView.swift */,
				34DAEC4B252FF9400056A33E /* HomeVM.swift */,
			);
			path = HomeViews;
			sourceTree = "<group>";
		};
/* End PBXGroup section */

/* Begin PBXNativeTarget section */
		343AE8DC252BEFB100E47D82 /* BuildNetflix */ = {
			isa = PBXNativeTarget;
			buildConfigurationList = 343AE8EC252BEFB800E47D82 /* Build configuration list for PBXNativeTarget "BuildNetflix" */;
			buildPhases = (
				343AE8D9252BEFB100E47D82 /* Sources */,
				343AE8DA252BEFB100E47D82 /* Frameworks */,
				343AE8DB252BEFB100E47D82 /* Resources */,
			);
			buildRules = (
			);
			dependencies = (
			);
			name = BuildNetflix;
			packageProductDependencies = (
				343AE8F4252BF52800E47D82 /* Kingfisher */,
				343AE8F6252BF52800E47D82 /* KingfisherSwiftUI */,
			);
			productName = BuildNetflix;
			productReference = 343AE8DD252BEFB200E47D82 /* BuildNetflix.app */;
			productType = "com.apple.product-type.application";
		};
/* End PBXNativeTarget section */

/* Begin PBXProject section */
		343AE8D5252BEFB100E47D82 /* Project object */ = {
			isa = PBXProject;
			attributes = {
				LastSwiftUpdateCheck = 1200;
				LastUpgradeCheck = 1200;
				TargetAttributes = {
					343AE8DC252BEFB100E47D82 = {
						CreatedOnToolsVersion = 12.0;
					};
				};
			};
			buildConfigurationList = 343AE8D8252BEFB100E47D82 /* Build configuration list for PBXProject "BuildNetflix" */;
			compatibilityVersion = "Xcode 9.3";
			developmentRegion = en;
			hasScannedForEncodings = 0;
			knownRegions = (
				en,
				Base,
			);
			mainGroup = 343AE8D4252BEFB100E47D82;
			packageReferences = (
				343AE8F3252BF52800E47D82 /* XCRemoteSwiftPackageReference "Kingfisher" */,
			);
			productRefGroup = 343AE8DE252BEFB200E47D82 /* Products */;
			projectDirPath = "";
			projectRoot = "";
			targets = (
				343AE8DC252BEFB100E47D82 /* BuildNetflix */,
			);
		};
/* End PBXProject section */

/* Begin PBXResourcesBuildPhase section */
		343AE8DB252BEFB100E47D82 /* Resources */ = {
			isa = PBXResourcesBuildPhase;
			buildActionMask = 2147483647;
			files = (
				343AE8E8252BEFB800E47D82 /* Preview Assets.xcassets in Resources */,
				343AE8E5252BEFB800E47D82 /* Assets.xcassets in Resources */,
			);
			runOnlyForDeploymentPostprocessing = 0;
		};
/* End PBXResourcesBuildPhase section */

/* Begin PBXSourcesBuildPhase section */
		343AE8D9252BEFB100E47D82 /* Sources */ = {
			isa = PBXSourcesBuildPhase;
			buildActionMask = 2147483647;
			files = (
				34DAEC48252FF72E0056A33E /* GlobalHelpers.swift in Sources */,
				34B1BA49253158610032815B /* Episode.swift in Sources */,
				343AE8F1252BF08600E47D82 /* HomeView.swift in Sources */,
				34DAEC4C252FF9400056A33E /* HomeVM.swift in Sources */,
				343AE8E3252BEFB200E47D82 /* ContentView.swift in Sources */,
				34DAEC44252FF6EE0056A33E /* StandHomeMovie.swift in Sources */,
				34DAEC51253009DC0056A33E /* TopMoviePreview.swift in Sources */,
				34DAEC41252FF6950056A33E /* Movie.swift in Sources */,
				343AE8E1252BEFB200E47D82 /* BuildNetflixApp.swift in Sources */,
				34DAEC55253030D10056A33E /* SmallVerticalButton.swift in Sources */,
				34DAEC59253036C70056A33E /* WhiteButton.swift in Sources */,
				34B1BA3D253150140032815B /* MovieDetail.swift in Sources */,
			);
			runOnlyForDeploymentPostprocessing = 0;
		};
/* End PBXSourcesBuildPhase section */

/* Begin XCBuildConfiguration section */
		343AE8EA252BEFB800E47D82 /* Debug */ = {
			isa = XCBuildConfiguration;
			buildSettings = {
				ALWAYS_SEARCH_USER_PATHS = NO;
				CLANG_ANALYZER_NONNULL = YES;
				CLANG_ANALYZER_NUMBER_OBJECT_CONVERSION = YES_AGGRESSIVE;
				CLANG_CXX_LANGUAGE_STANDARD = "gnu++14";
				CLANG_CXX_LIBRARY = "libc++";
				CLANG_ENABLE_MODULES = YES;
				CLANG_ENABLE_OBJC_ARC = YES;
				CLANG_ENABLE_OBJC_WEAK = YES;
				CLANG_WARN_BLOCK_CAPTURE_AUTORELEASING = YES;
				CLANG_WARN_BOOL_CONVERSION = YES;
				CLANG_WARN_COMMA = YES;
				CLANG_WARN_CONSTANT_CONVERSION = YES;
				CLANG_WARN_DEPRECATED_OBJC_IMPLEMENTATIONS = YES;
				CLANG_WARN_DIRECT_OBJC_ISA_USAGE = YES_ERROR;
				CLANG_WARN_DOCUMENTATION_COMMENTS = YES;
				CLANG_WARN_EMPTY_BODY = YES;
				CLANG_WARN_ENUM_CONVERSION = YES;
				CLANG_WARN_INFINITE_RECURSION = YES;
				CLANG_WARN_INT_CONVERSION = YES;
				CLANG_WARN_NON_LITERAL_NULL_CONVERSION = YES;
				CLANG_WARN_OBJC_IMPLICIT_RETAIN_SELF = YES;
				CLANG_WARN_OBJC_LITERAL_CONVERSION = YES;
				CLANG_WARN_OBJC_ROOT_CLASS = YES_ERROR;
				CLANG_WARN_QUOTED_INCLUDE_IN_FRAMEWORK_HEADER = YES;
				CLANG_WARN_RANGE_LOOP_ANALYSIS = YES;
				CLANG_WARN_STRICT_PROTOTYPES = YES;
				CLANG_WARN_SUSPICIOUS_MOVE = YES;
				CLANG_WARN_UNGUARDED_AVAILABILITY = YES_AGGRESSIVE;
				CLANG_WARN_UNREACHABLE_CODE = YES;
				CLANG_WARN__DUPLICATE_METHOD_MATCH = YES;
				COPY_PHASE_STRIP = NO;
				DEBUG_INFORMATION_FORMAT = dwarf;
				ENABLE_STRICT_OBJC_MSGSEND = YES;
				ENABLE_TESTABILITY = YES;
				GCC_C_LANGUAGE_STANDARD = gnu11;
				GCC_DYNAMIC_NO_PIC = NO;
				GCC_NO_COMMON_BLOCKS = YES;
				GCC_OPTIMIZATION_LEVEL = 0;
				GCC_PREPROCESSOR_DEFINITIONS = (
					"DEBUG=1",
					"$(inherited)",
				);
				GCC_WARN_64_TO_32_BIT_CONVERSION = YES;
				GCC_WARN_ABOUT_RETURN_TYPE = YES_ERROR;
				GCC_WARN_UNDECLARED_SELECTOR = YES;
				GCC_WARN_UNINITIALIZED_AUTOS = YES_AGGRESSIVE;
				GCC_WARN_UNUSED_FUNCTION = YES;
				GCC_WARN_UNUSED_VARIABLE = YES;
				IPHONEOS_DEPLOYMENT_TARGET = 14.0;
				MTL_ENABLE_DEBUG_INFO = INCLUDE_SOURCE;
				MTL_FAST_MATH = YES;
				ONLY_ACTIVE_ARCH = YES;
				SDKROOT = iphoneos;
				SWIFT_ACTIVE_COMPILATION_CONDITIONS = DEBUG;
				SWIFT_OPTIMIZATION_LEVEL = "-Onone";
			};
			name = Debug;
		};
		343AE8EB252BEFB800E47D82 /* Release */ = {
			isa = XCBuildConfiguration;
			buildSettings = {
				ALWAYS_SEARCH_USER_PATHS = NO;
				CLANG_ANALYZER_NONNULL = YES;
				CLANG_ANALYZER_NUMBER_OBJECT_CONVERSION = YES_AGGRESSIVE;
				CLANG_CXX_LANGUAGE_STANDARD = "gnu++14";
				CLANG_CXX_LIBRARY = "libc++";
				CLANG_ENABLE_MODULES = YES;
				CLANG_ENABLE_OBJC_ARC = YES;
				CLANG_ENABLE_OBJC_WEAK = YES;
				CLANG_WARN_BLOCK_CAPTURE_AUTORELEASING = YES;
				CLANG_WARN_BOOL_CONVERSION = YES;
				CLANG_WARN_COMMA = YES;
				CLANG_WARN_CONSTANT_CONVERSION = YES;
				CLANG_WARN_DEPRECATED_OBJC_IMPLEMENTATIONS = YES;
				CLANG_WARN_DIRECT_OBJC_ISA_USAGE = YES_ERROR;
				CLANG_WARN_DOCUMENTATION_COMMENTS = YES;
				CLANG_WARN_EMPTY_BODY = YES;
				CLANG_WARN_ENUM_CONVERSION = YES;
				CLANG_WARN_INFINITE_RECURSION = YES;
				CLANG_WARN_INT_CONVERSION = YES;
				CLANG_WARN_NON_LITERAL_NULL_CONVERSION = YES;
				CLANG_WARN_OBJC_IMPLICIT_RETAIN_SELF = YES;
				CLANG_WARN_OBJC_LITERAL_CONVERSION = YES;
				CLANG_WARN_OBJC_ROOT_CLASS = YES_ERROR;
				CLANG_WARN_QUOTED_INCLUDE_IN_FRAMEWORK_HEADER = YES;
				CLANG_WARN_RANGE_LOOP_ANALYSIS = YES;
				CLANG_WARN_STRICT_PROTOTYPES = YES;
				CLANG_WARN_SUSPICIOUS_MOVE = YES;
				CLANG_WARN_UNGUARDED_AVAILABILITY = YES_AGGRESSIVE;
				CLANG_WARN_UNREACHABLE_CODE = YES;
				CLANG_WARN__DUPLICATE_METHOD_MATCH = YES;
				COPY_PHASE_STRIP = NO;
				DEBUG_INFORMATION_FORMAT = "dwarf-with-dsym";
				ENABLE_NS_ASSERTIONS = NO;
				ENABLE_STRICT_OBJC_MSGSEND = YES;
				GCC_C_LANGUAGE_STANDARD = gnu11;
				GCC_NO_COMMON_BLOCKS = YES;
				GCC_WARN_64_TO_32_BIT_CONVERSION = YES;
				GCC_WARN_ABOUT_RETURN_TYPE = YES_ERROR;
				GCC_WARN_UNDECLARED_SELECTOR = YES;
				GCC_WARN_UNINITIALIZED_AUTOS = YES_AGGRESSIVE;
				GCC_WARN_UNUSED_FUNCTION = YES;
				GCC_WARN_UNUSED_VARIABLE = YES;
				IPHONEOS_DEPLOYMENT_TARGET = 14.0;
				MTL_ENABLE_DEBUG_INFO = NO;
				MTL_FAST_MATH = YES;
				SDKROOT = iphoneos;
				SWIFT_COMPILATION_MODE = wholemodule;
				SWIFT_OPTIMIZATION_LEVEL = "-O";
				VALIDATE_PRODUCT = YES;
			};
			name = Release;
		};
		343AE8ED252BEFB800E47D82 /* Debug */ = {
			isa = XCBuildConfiguration;
			buildSettings = {
				ASSETCATALOG_COMPILER_APPICON_NAME = AppIcon;
				ASSETCATALOG_COMPILER_GLOBAL_ACCENT_COLOR_NAME = AccentColor;
				CODE_SIGN_STYLE = Automatic;
				DEVELOPMENT_ASSET_PATHS = "\"BuildNetflix/Preview Content\"";
				ENABLE_PREVIEWS = YES;
				INFOPLIST_FILE = BuildNetflix/Info.plist;
				IPHONEOS_DEPLOYMENT_TARGET = 14.0;
				LD_RUNPATH_SEARCH_PATHS = (
					"$(inherited)",
					"@executable_path/Frameworks",
				);
				PRODUCT_BUNDLE_IDENTIFIER = com.shenxiaochun.BuildNetflix;
				PRODUCT_NAME = "$(TARGET_NAME)";
				SWIFT_VERSION = 5.0;
				TARGETED_DEVICE_FAMILY = "1,2";
			};
			name = Debug;
		};
		343AE8EE252BEFB800E47D82 /* Release */ = {
			isa = XCBuildConfiguration;
			buildSettings = {
				ASSETCATALOG_COMPILER_APPICON_NAME = AppIcon;
				ASSETCATALOG_COMPILER_GLOBAL_ACCENT_COLOR_NAME = AccentColor;
				CODE_SIGN_STYLE = Automatic;
				DEVELOPMENT_ASSET_PATHS = "\"BuildNetflix/Preview Content\"";
				ENABLE_PREVIEWS = YES;
				INFOPLIST_FILE = BuildNetflix/Info.plist;
				IPHONEOS_DEPLOYMENT_TARGET = 14.0;
				LD_RUNPATH_SEARCH_PATHS = (
					"$(inherited)",
					"@executable_path/Frameworks",
				);
				PRODUCT_BUNDLE_IDENTIFIER = com.shenxiaochun.BuildNetflix;
				PRODUCT_NAME = "$(TARGET_NAME)";
				SWIFT_VERSION = 5.0;
				TARGETED_DEVICE_FAMILY = "1,2";
			};
			name = Release;
		};
/* End XCBuildConfiguration section */

/* Begin XCConfigurationList section */
		343AE8D8252BEFB100E47D82 /* Build configuration list for PBXProject "BuildNetflix" */ = {
			isa = XCConfigurationList;
			buildConfigurations = (
				343AE8EA252BEFB800E47D82 /* Debug */,
				343AE8EB252BEFB800E47D82 /* Release */,
			);
			defaultConfigurationIsVisible = 0;
			defaultConfigurationName = Release;
		};
		343AE8EC252BEFB800E47D82 /* Build configuration list for PBXNativeTarget "BuildNetflix" */ = {
			isa = XCConfigurationList;
			buildConfigurations = (
				343AE8ED252BEFB800E47D82 /* Debug */,
				343AE8EE252BEFB800E47D82 /* Release */,
			);
			defaultConfigurationIsVisible = 0;
			defaultConfigurationName = Release;
		};
/* End XCConfigurationList section */

/* Begin XCRemoteSwiftPackageReference section */
		343AE8F3252BF52800E47D82 /* XCRemoteSwiftPackageReference "Kingfisher" */ = {
			isa = XCRemoteSwiftPackageReference;
			repositoryURL = "https://github.com/onevcat/Kingfisher";
			requirement = {
				kind = upToNextMajorVersion;
				minimumVersion = 5.15.5;
			};
		};
/* End XCRemoteSwiftPackageReference section */

/* Begin XCSwiftPackageProductDependency section */
		343AE8F4252BF52800E47D82 /* Kingfisher */ = {
			isa = XCSwiftPackageProductDependency;
			package = 343AE8F3252BF52800E47D82 /* XCRemoteSwiftPackageReference "Kingfisher" */;
			productName = Kingfisher;
		};
		343AE8F6252BF52800E47D82 /* KingfisherSwiftUI */ = {
			isa = XCSwiftPackageProductDependency;
			package = 343AE8F3252BF52800E47D82 /* XCRemoteSwiftPackageReference "Kingfisher" */;
			productName = KingfisherSwiftUI;
		};
/* End XCSwiftPackageProductDependency section */
	};
	rootObject = 343AE8D5252BEFB100E47D82 /* Project object */;
}
